
Microsoft Visual Studio Solution File, Format Version 12.00
# Visual Studio 15
VisualStudioVersion = 15.0.26124.0
MinimumVisualStudioVersion = 15.0.26124.0
Project("{2150E333-8FDC-42A3-9474-1A3956D46DE8}") = "src", "src", "{067C369A-99AA-4F74-8185-C2E564DFC8EE}"
EndProject
Project("{FAE04EC0-301F-11D3-BF4B-00C04F79EFBC}") = "ExercicioPilaresPOO.Models", "src\ExercicioPilaresPOO.Models\ExercicioPilaresPOO.Models.csproj", "{A36D3445-09F7-46E0-94F4-1B75F7C677A1}"
EndProject
Project("{FAE04EC0-301F-11D3-BF4B-00C04F79EFBC}") = "ExercicioPilaresPOO.ConsoleApp", "src\ExercicioPilaresPOO.ConsoleApp\ExercicioPilaresPOO.ConsoleApp.csproj", "{3CA5C74D-83C0-42BC-A5E8-1338BEEFD114}"
EndProject
Global
	GlobalSection(SolutionProperties) = preSolution
		HideSolutionNode = FALSE
	EndGlobalSection
	GlobalSection(SolutionConfigurationPlatforms) = preSolution
		Debug|Any CPU = Debug|Any CPU
		Debug|x64 = Debug|x64
		Debug|x86 = Debug|x86
		Release|Any CPU = Release|Any CPU
		Release|x64 = Release|x64
		Release|x86 = Release|x86
	EndGlobalSection
	GlobalSection(ProjectConfigurationPlatforms) = postSolution
		{A36D3445-09F7-46E0-94F4-1B75F7C677A1}.Debug|Any CPU.ActiveCfg = Debug|Any CPU
		{A36D3445-09F7-46E0-94F4-1B75F7C677A1}.Debug|Any CPU.Build.0 = Debug|Any CPU
		{A36D3445-09F7-46E0-94F4-1B75F7C677A1}.Debug|x64.ActiveCfg = Debug|Any CPU
		{A36D3445-09F7-46E0-94F4-1B75F7C677A1}.Debug|x64.Build.0 = Debug|Any CPU
		{A36D3445-09F7-46E0-94F4-1B75F7C677A1}.Debug|x86.ActiveCfg = Debug|Any CPU
		{A36D3445-09F7-46E0-94F4-1B75F7C677A1}.Debug|x86.Build.0 = Debug|Any CPU
		{A36D3445-09F7-46E0-94F4-1B75F7C677A1}.Release|Any CPU.ActiveCfg = Release|Any CPU
		{A36D3445-09F7-46E0-94F4-1B75F7C677A1}.Release|Any CPU.Build.0 = Release|Any CPU
		{A36D3445-09F7-46E0-94F4-1B75F7C677A1}.Release|x64.ActiveCfg = Release|Any CPU
		{A36D3445-09F7-46E0-94F4-1B75F7C677A1}.Release|x64.Build.0 = Release|Any CPU
		{A36D3445-09F7-46E0-94F4-1B75F7C677A1}.Release|x86.ActiveCfg = Release|Any CPU
		{A36D3445-09F7-46E0-94F4-1B75F7C677A1}.Release|x86.Build.0 = Release|Any CPU
		{3CA5C74D-83C0-42BC-A5E8-1338BEEFD114}.Debug|Any CPU.ActiveCfg = Debug|Any CPU
		{3CA5C74D-83C0-42BC-A5E8-1338BEEFD114}.Debug|Any CPU.Build.0 = Debug|Any CPU
		{3CA5C74D-83C0-42BC-A5E8-1338BEEFD114}.Debug|x64.ActiveCfg = Debug|Any CPU
		{3CA5C74D-83C0-42BC-A5E8-1338BEEFD114}.Debug|x64.Build.0 = Debug|Any CPU
		{3CA5C74D-83C0-42BC-A5E8-1338BEEFD114}.Debug|x86.ActiveCfg = Debug|Any CPU
		{3CA5C74D-83C0-42BC-A5E8-1338BEEFD114}.Debug|x86.Build.0 = Debug|Any CPU
		{3CA5C74D-83C0-42BC-A5E8-1338BEEFD114}.Release|Any CPU.ActiveCfg = Release|Any CPU
		{3CA5C74D-83C0-42BC-A5E8-1338BEEFD114}.Release|Any CPU.Build.0 = Release|Any CPU
		{3CA5C74D-83C0-42BC-A5E8-1338BEEFD114}.Release|x64.ActiveCfg = Release|Any CPU
		{3CA5C74D-83C0-42BC-A5E8-1338BEEFD114}.Release|x64.Build.0 = Release|Any CPU
		{3CA5C74D-83C0-42BC-A5E8-1338BEEFD114}.Release|x86.ActiveCfg = Release|Any CPU
		{3CA5C74D-83C0-42BC-A5E8-1338BEEFD114}.Release|x86.Build.0 = Release|Any CPU
	EndGlobalSection
	GlobalSection(NestedProjects) = preSolution
		{A36D3445-09F7-46E0-94F4-1B75F7C677A1} = {067C369A-99AA-4F74-8185-C2E564DFC8EE}
		{3CA5C74D-83C0-42BC-A5E8-1338BEEFD114} = {067C369A-99AA-4F74-8185-C2E564DFC8EE}
	EndGlobalSection
EndGlobal
